
Microsoft Visual Studio Solution File, Format Version 12.00
# Visual Studio Version 16
VisualStudioVersion = 16.0.31112.23
MinimumVisualStudioVersion = 10.0.40219.1
Project("{FAE04EC0-301F-11D3-BF4B-00C04F79EFBC}") = "DataConverter", "DataConverter\DataConverter.csproj", "{3DA6AE59-F48E-445B-BE40-6F1901504E2B}"
EndProject
Global
	GlobalSection(SolutionConfigurationPlatforms) = preSolution
		Debug|Any CPU = Debug|Any CPU
		Release|Any CPU = Release|Any CPU
	EndGlobalSection
	GlobalSection(ProjectConfigurationPlatforms) = postSolution
		{3DA6AE59-F48E-445B-BE40-6F1901504E2B}.Debug|Any CPU.ActiveCfg = Debug|Any CPU
		{3DA6AE59-F48E-445B-BE40-6F1901504E2B}.Debug|Any CPU.Build.0 = Debug|Any CPU
		{3DA6AE59-F48E-445B-BE40-6F1901504E2B}.Release|Any CPU.ActiveCfg = Release|Any CPU
		{3DA6AE59-F48E-445B-BE40-6F1901504E2B}.Release|Any CPU.Build.0 = Release|Any CPU
	EndGlobalSection
	GlobalSection(SolutionProperties) = preSolution
		HideSolutionNode = FALSE
	EndGlobalSection
	GlobalSection(ExtensibilityGlobals) = postSolution
		SolutionGuid = {EBBBC8D7-0816-48B2-9679-77FF337FBDDF}
	EndGlobalSection
EndGlobal
